// !$*UTF8*$!
{
	archiveVersion = 1;
	classes = {
	};
	objectVersion = 50;
	objects = {

/* Begin PBXBuildFile section */
		F81900B823FDC43100A08C93 /* AppDelegate.swift in Sources */ = {isa = PBXBuildFile; fileRef = F87D7AC123FDC261000C1B79 /* AppDelegate.swift */; };
		F81900B923FDC43100A08C93 /* SceneDelegate.swift in Sources */ = {isa = PBXBuildFile; fileRef = F87D7AC323FDC261000C1B79 /* SceneDelegate.swift */; };
		F81900BA23FDC43100A08C93 /* ViewController.swift in Sources */ = {isa = PBXBuildFile; fileRef = F87D7AC523FDC261000C1B79 /* ViewController.swift */; };
		F81900BB23FDC43200A08C93 /* AppDelegate.swift in Sources */ = {isa = PBXBuildFile; fileRef = F87D7AC123FDC261000C1B79 /* AppDelegate.swift */; };
		F81900BC23FDC43200A08C93 /* SceneDelegate.swift in Sources */ = {isa = PBXBuildFile; fileRef = F87D7AC323FDC261000C1B79 /* SceneDelegate.swift */; };
		F81900BD23FDC43200A08C93 /* ViewController.swift in Sources */ = {isa = PBXBuildFile; fileRef = F87D7AC523FDC261000C1B79 /* ViewController.swift */; };
		F81900BE23FDC43800A08C93 /* Main.storyboard in Resources */ = {isa = PBXBuildFile; fileRef = F87D7AC723FDC261000C1B79 /* Main.storyboard */; };
		F81900BF23FDC43800A08C93 /* LaunchScreen.storyboard in Resources */ = {isa = PBXBuildFile; fileRef = F87D7ACC23FDC262000C1B79 /* LaunchScreen.storyboard */; };
		F81900C023FDC43800A08C93 /* Main.storyboard in Resources */ = {isa = PBXBuildFile; fileRef = F87D7AC723FDC261000C1B79 /* Main.storyboard */; };
		F81900C123FDC43800A08C93 /* LaunchScreen.storyboard in Resources */ = {isa = PBXBuildFile; fileRef = F87D7ACC23FDC262000C1B79 /* LaunchScreen.storyboard */; };
		F87D7AE523FDC279000C1B79 /* Assets.xcassets in Resources */ = {isa = PBXBuildFile; fileRef = F87D7AE423FDC279000C1B79 /* Assets.xcassets */; };
		F87D7AFD23FDC28E000C1B79 /* Assets.xcassets in Resources */ = {isa = PBXBuildFile; fileRef = F87D7AFC23FDC28E000C1B79 /* Assets.xcassets */; };
/* End PBXBuildFile section */

/* Begin PBXFileReference section */
		F87D7AC123FDC261000C1B79 /* AppDelegate.swift */ = {isa = PBXFileReference; lastKnownFileType = sourcecode.swift; path = AppDelegate.swift; sourceTree = "<group>"; };
		F87D7AC323FDC261000C1B79 /* SceneDelegate.swift */ = {isa = PBXFileReference; lastKnownFileType = sourcecode.swift; path = SceneDelegate.swift; sourceTree = "<group>"; };
		F87D7AC523FDC261000C1B79 /* ViewController.swift */ = {isa = PBXFileReference; lastKnownFileType = sourcecode.swift; path = ViewController.swift; sourceTree = "<group>"; };
		F87D7AC823FDC261000C1B79 /* Base */ = {isa = PBXFileReference; lastKnownFileType = file.storyboard; name = Base; path = Base.lproj/Main.storyboard; sourceTree = "<group>"; };
		F87D7ACD23FDC262000C1B79 /* Base */ = {isa = PBXFileReference; lastKnownFileType = file.storyboard; name = Base; path = Base.lproj/LaunchScreen.storyboard; sourceTree = "<group>"; };
		F87D7AD923FDC277000C1B79 /* TargetA.app */ = {isa = PBXFileReference; explicitFileType = wrapper.application; includeInIndex = 0; path = TargetA.app; sourceTree = BUILT_PRODUCTS_DIR; };
		F87D7AE423FDC279000C1B79 /* Assets.xcassets */ = {isa = PBXFileReference; lastKnownFileType = folder.assetcatalog; path = Assets.xcassets; sourceTree = "<group>"; };
		F87D7AE923FDC279000C1B79 /* Info.plist */ = {isa = PBXFileReference; lastKnownFileType = text.plist.xml; path = Info.plist; sourceTree = "<group>"; };
		F87D7AF123FDC28D000C1B79 /* TargetB.app */ = {isa = PBXFileReference; explicitFileType = wrapper.application; includeInIndex = 0; path = TargetB.app; sourceTree = BUILT_PRODUCTS_DIR; };
		F87D7AFC23FDC28E000C1B79 /* Assets.xcassets */ = {isa = PBXFileReference; lastKnownFileType = folder.assetcatalog; path = Assets.xcassets; sourceTree = "<group>"; };
		F87D7B0123FDC28E000C1B79 /* Info.plist */ = {isa = PBXFileReference; lastKnownFileType = text.plist.xml; path = Info.plist; sourceTree = "<group>"; };
/* End PBXFileReference section */

/* Begin PBXFrameworksBuildPhase section */
		F87D7AD623FDC277000C1B79 /* Frameworks */ = {
			isa = PBXFrameworksBuildPhase;
			buildActionMask = 2147483647;
			files = (
			);
			runOnlyForDeploymentPostprocessing = 0;
		};
		F87D7AEE23FDC28D000C1B79 /* Frameworks */ = {
			isa = PBXFrameworksBuildPhase;
			buildActionMask = 2147483647;
			files = (
			);
			runOnlyForDeploymentPostprocessing = 0;
		};
/* End PBXFrameworksBuildPhase section */

/* Begin PBXGroup section */
		F87D7AB523FDC260000C1B79 = {
			isa = PBXGroup;
			children = (
				F87D7AC023FDC261000C1B79 /* Common */,
				F87D7ADA23FDC277000C1B79 /* TargetA */,
				F87D7AF223FDC28D000C1B79 /* TargetB */,
				F87D7ABF23FDC261000C1B79 /* Products */,
			);
			sourceTree = "<group>";
		};
		F87D7ABF23FDC261000C1B79 /* Products */ = {
			isa = PBXGroup;
			children = (
				F87D7AD923FDC277000C1B79 /* TargetA.app */,
				F87D7AF123FDC28D000C1B79 /* TargetB.app */,
			);
			name = Products;
			sourceTree = "<group>";
		};
		F87D7AC023FDC261000C1B79 /* Common */ = {
			isa = PBXGroup;
			children = (
				F87D7AC123FDC261000C1B79 /* AppDelegate.swift */,
				F87D7AC323FDC261000C1B79 /* SceneDelegate.swift */,
				F87D7AC523FDC261000C1B79 /* ViewController.swift */,
				F87D7AC723FDC261000C1B79 /* Main.storyboard */,
				F87D7ACC23FDC262000C1B79 /* LaunchScreen.storyboard */,
			);
			path = Common;
			sourceTree = "<group>";
		};
		F87D7ADA23FDC277000C1B79 /* TargetA */ = {
			isa = PBXGroup;
			children = (
				F87D7AE423FDC279000C1B79 /* Assets.xcassets */,
				F87D7AE923FDC279000C1B79 /* Info.plist */,
			);
			path = TargetA;
			sourceTree = "<group>";
		};
		F87D7AF223FDC28D000C1B79 /* TargetB */ = {
			isa = PBXGroup;
			children = (
				F87D7AFC23FDC28E000C1B79 /* Assets.xcassets */,
				F87D7B0123FDC28E000C1B79 /* Info.plist */,
			);
			path = TargetB;
			sourceTree = "<group>";
		};
/* End PBXGroup section */

/* Begin PBXNativeTarget section */
		F87D7AD823FDC277000C1B79 /* TargetA */ = {
			isa = PBXNativeTarget;
			buildConfigurationList = F87D7AEA23FDC279000C1B79 /* Build configuration list for PBXNativeTarget "TargetA" */;
			buildPhases = (
				F87D7AD523FDC277000C1B79 /* Sources */,
				F87D7AD623FDC277000C1B79 /* Frameworks */,
				F87D7AD723FDC277000C1B79 /* Resources */,
			);
			buildRules = (
			);
			dependencies = (
			);
			name = TargetA;
			productName = TargetA;
			productReference = F87D7AD923FDC277000C1B79 /* TargetA.app */;
			productType = "com.apple.product-type.application";
		};
		F87D7AF023FDC28D000C1B79 /* TargetB */ = {
			isa = PBXNativeTarget;
			buildConfigurationList = F87D7B0223FDC28E000C1B79 /* Build configuration list for PBXNativeTarget "TargetB" */;
			buildPhases = (
				F87D7AED23FDC28D000C1B79 /* Sources */,
				F87D7AEE23FDC28D000C1B79 /* Frameworks */,
				F87D7AEF23FDC28D000C1B79 /* Resources */,
			);
			buildRules = (
			);
			dependencies = (
			);
			name = TargetB;
			productName = TargetB;
			productReference = F87D7AF123FDC28D000C1B79 /* TargetB.app */;
			productType = "com.apple.product-type.application";
		};
/* End PBXNativeTarget section */

/* Begin PBXProject section */
		F87D7AB623FDC260000C1B79 /* Project object */ = {
			isa = PBXProject;
			attributes = {
				LastSwiftUpdateCheck = 1130;
				LastUpgradeCheck = 1130;
				ORGANIZATIONNAME = SoundApp;
				TargetAttributes = {
					F87D7AD823FDC277000C1B79 = {
						CreatedOnToolsVersion = 11.3;
					};
					F87D7AF023FDC28D000C1B79 = {
						CreatedOnToolsVersion = 11.3;
					};
				};
			};
			buildConfigurationList = F87D7AB923FDC260000C1B79 /* Build configuration list for PBXProject "Sample" */;
			compatibilityVersion = "Xcode 9.3";
			developmentRegion = en;
			hasScannedForEncodings = 0;
			knownRegions = (
				en,
				Base,
			);
			mainGroup = F87D7AB523FDC260000C1B79;
			productRefGroup = F87D7ABF23FDC261000C1B79 /* Products */;
			projectDirPath = "";
			projectRoot = "";
			targets = (
				F87D7AD823FDC277000C1B79 /* TargetA */,
				F87D7AF023FDC28D000C1B79 /* TargetB */,
			);
		};
/* End PBXProject section */

/* Begin PBXResourcesBuildPhase section */
		F87D7AD723FDC277000C1B79 /* Resources */ = {
			isa = PBXResourcesBuildPhase;
			buildActionMask = 2147483647;
			files = (
				F81900BF23FDC43800A08C93 /* LaunchScreen.storyboard in Resources */,
				F87D7AE523FDC279000C1B79 /* Assets.xcassets in Resources */,
				F81900BE23FDC43800A08C93 /* Main.storyboard in Resources */,
			);
			runOnlyForDeploymentPostprocessing = 0;
		};
		F87D7AEF23FDC28D000C1B79 /* Resources */ = {
			isa = PBXResourcesBuildPhase;
			buildActionMask = 2147483647;
			files = (
				F81900C123FDC43800A08C93 /* LaunchScreen.storyboard in Resources */,
				F87D7AFD23FDC28E000C1B79 /* Assets.xcassets in Resources */,
				F81900C023FDC43800A08C93 /* Main.storyboard in Resources */,
			);
			runOnlyForDeploymentPostprocessing = 0;
		};
/* End PBXResourcesBuildPhase section */

/* Begin PBXSourcesBuildPhase section */
		F87D7AD523FDC277000C1B79 /* Sources */ = {
			isa = PBXSourcesBuildPhase;
			buildActionMask = 2147483647;
			files = (
				F81900BA23FDC43100A08C93 /* ViewController.swift in Sources */,
				F81900B823FDC43100A08C93 /* AppDelegate.swift in Sources */,
				F81900B923FDC43100A08C93 /* SceneDelegate.swift in Sources */,
			);
			runOnlyForDeploymentPostprocessing = 0;
		};
		F87D7AED23FDC28D000C1B79 /* Sources */ = {
			isa = PBXSourcesBuildPhase;
			buildActionMask = 2147483647;
			files = (
				F81900BD23FDC43200A08C93 /* ViewController.swift in Sources */,
				F81900BB23FDC43200A08C93 /* AppDelegate.swift in Sources */,
				F81900BC23FDC43200A08C93 /* SceneDelegate.swift in Sources */,
			);
			runOnlyForDeploymentPostprocessing = 0;
		};
/* End PBXSourcesBuildPhase section */

/* Begin PBXVariantGroup section */
		F87D7AC723FDC261000C1B79 /* Main.storyboard */ = {
			isa = PBXVariantGroup;
			children = (
				F87D7AC823FDC261000C1B79 /* Base */,
			);
			name = Main.storyboard;
			sourceTree = "<group>";
		};
		F87D7ACC23FDC262000C1B79 /* LaunchScreen.storyboard */ = {
			isa = PBXVariantGroup;
			children = (
				F87D7ACD23FDC262000C1B79 /* Base */,
			);
			name = LaunchScreen.storyboard;
			sourceTree = "<group>";
		};
/* End PBXVariantGroup section */

/* Begin XCBuildConfiguration section */
		F87D7AD023FDC262000C1B79 /* Debug */ = {
			isa = XCBuildConfiguration;
			buildSettings = {
				ALWAYS_SEARCH_USER_PATHS = NO;
				CLANG_ANALYZER_NONNULL = YES;
				CLANG_ANALYZER_NUMBER_OBJECT_CONVERSION = YES_AGGRESSIVE;
				CLANG_CXX_LANGUAGE_STANDARD = "gnu++14";
				CLANG_CXX_LIBRARY = "libc++";
				CLANG_ENABLE_MODULES = YES;
				CLANG_ENABLE_OBJC_ARC = YES;
				CLANG_ENABLE_OBJC_WEAK = YES;
				CLANG_WARN_BLOCK_CAPTURE_AUTORELEASING = YES;
				CLANG_WARN_BOOL_CONVERSION = YES;
				CLANG_WARN_COMMA = YES;
				CLANG_WARN_CONSTANT_CONVERSION = YES;
				CLANG_WARN_DEPRECATED_OBJC_IMPLEMENTATIONS = YES;
				CLANG_WARN_DIRECT_OBJC_ISA_USAGE = YES_ERROR;
				CLANG_WARN_DOCUMENTATION_COMMENTS = YES;
				CLANG_WARN_EMPTY_BODY = YES;
				CLANG_WARN_ENUM_CONVERSION = YES;
				CLANG_WARN_INFINITE_RECURSION = YES;
				CLANG_WARN_INT_CONVERSION = YES;
				CLANG_WARN_NON_LITERAL_NULL_CONVERSION = YES;
				CLANG_WARN_OBJC_IMPLICIT_RETAIN_SELF = YES;
				CLANG_WARN_OBJC_LITERAL_CONVERSION = YES;
				CLANG_WARN_OBJC_ROOT_CLASS = YES_ERROR;
				CLANG_WARN_RANGE_LOOP_ANALYSIS = YES;
				CLANG_WARN_STRICT_PROTOTYPES = YES;
				CLANG_WARN_SUSPICIOUS_MOVE = YES;
				CLANG_WARN_UNGUARDED_AVAILABILITY = YES_AGGRESSIVE;
				CLANG_WARN_UNREACHABLE_CODE = YES;
				CLANG_WARN__DUPLICATE_METHOD_MATCH = YES;
				COPY_PHASE_STRIP = NO;
				DEBUG_INFORMATION_FORMAT = dwarf;
				ENABLE_STRICT_OBJC_MSGSEND = YES;
				ENABLE_TESTABILITY = YES;
				GCC_C_LANGUAGE_STANDARD = gnu11;
				GCC_DYNAMIC_NO_PIC = NO;
				GCC_NO_COMMON_BLOCKS = YES;
				GCC_OPTIMIZATION_LEVEL = 0;
				GCC_PREPROCESSOR_DEFINITIONS = (
					"DEBUG=1",
					"$(inherited)",
				);
				GCC_WARN_64_TO_32_BIT_CONVERSION = YES;
				GCC_WARN_ABOUT_RETURN_TYPE = YES_ERROR;
				GCC_WARN_UNDECLARED_SELECTOR = YES;
				GCC_WARN_UNINITIALIZED_AUTOS = YES_AGGRESSIVE;
				GCC_WARN_UNUSED_FUNCTION = YES;
				GCC_WARN_UNUSED_VARIABLE = YES;
				IPHONEOS_DEPLOYMENT_TARGET = 13.2;
				MTL_ENABLE_DEBUG_INFO = INCLUDE_SOURCE;
				MTL_FAST_MATH = YES;
				ONLY_ACTIVE_ARCH = YES;
				SDKROOT = iphoneos;
				SWIFT_ACTIVE_COMPILATION_CONDITIONS = DEBUG;
				SWIFT_OPTIMIZATION_LEVEL = "-Onone";
			};
			name = Debug;
		};
		F87D7AD123FDC262000C1B79 /* Release */ = {
			isa = XCBuildConfiguration;
			buildSettings = {
				ALWAYS_SEARCH_USER_PATHS = NO;
				CLANG_ANALYZER_NONNULL = YES;
				CLANG_ANALYZER_NUMBER_OBJECT_CONVERSION = YES_AGGRESSIVE;
				CLANG_CXX_LANGUAGE_STANDARD = "gnu++14";
				CLANG_CXX_LIBRARY = "libc++";
				CLANG_ENABLE_MODULES = YES;
				CLANG_ENABLE_OBJC_ARC = YES;
				CLANG_ENABLE_OBJC_WEAK = YES;
				CLANG_WARN_BLOCK_CAPTURE_AUTORELEASING = YES;
				CLANG_WARN_BOOL_CONVERSION = YES;
				CLANG_WARN_COMMA = YES;
				CLANG_WARN_CONSTANT_CONVERSION = YES;
				CLANG_WARN_DEPRECATED_OBJC_IMPLEMENTATIONS = YES;
				CLANG_WARN_DIRECT_OBJC_ISA_USAGE = YES_ERROR;
				CLANG_WARN_DOCUMENTATION_COMMENTS = YES;
				CLANG_WARN_EMPTY_BODY = YES;
				CLANG_WARN_ENUM_CONVERSION = YES;
				CLANG_WARN_INFINITE_RECURSION = YES;
				CLANG_WARN_INT_CONVERSION = YES;
				CLANG_WARN_NON_LITERAL_NULL_CONVERSION = YES;
				CLANG_WARN_OBJC_IMPLICIT_RETAIN_SELF = YES;
				CLANG_WARN_OBJC_LITERAL_CONVERSION = YES;
				CLANG_WARN_OBJC_ROOT_CLASS = YES_ERROR;
				CLANG_WARN_RANGE_LOOP_ANALYSIS = YES;
				CLANG_WARN_STRICT_PROTOTYPES = YES;
				CLANG_WARN_SUSPICIOUS_MOVE = YES;
				CLANG_WARN_UNGUARDED_AVAILABILITY = YES_AGGRESSIVE;
				CLANG_WARN_UNREACHABLE_CODE = YES;
				CLANG_WARN__DUPLICATE_METHOD_MATCH = YES;
				COPY_PHASE_STRIP = NO;
				DEBUG_INFORMATION_FORMAT = "dwarf-with-dsym";
				ENABLE_NS_ASSERTIONS = NO;
				ENABLE_STRICT_OBJC_MSGSEND = YES;
				GCC_C_LANGUAGE_STANDARD = gnu11;
				GCC_NO_COMMON_BLOCKS = YES;
				GCC_WARN_64_TO_32_BIT_CONVERSION = YES;
				GCC_WARN_ABOUT_RETURN_TYPE = YES_ERROR;
				GCC_WARN_UNDECLARED_SELECTOR = YES;
				GCC_WARN_UNINITIALIZED_AUTOS = YES_AGGRESSIVE;
				GCC_WARN_UNUSED_FUNCTION = YES;
				GCC_WARN_UNUSED_VARIABLE = YES;
				IPHONEOS_DEPLOYMENT_TARGET = 13.2;
				MTL_ENABLE_DEBUG_INFO = NO;
				MTL_FAST_MATH = YES;
				SDKROOT = iphoneos;
				SWIFT_COMPILATION_MODE = wholemodule;
				SWIFT_OPTIMIZATION_LEVEL = "-O";
				VALIDATE_PRODUCT = YES;
			};
			name = Release;
		};
		F87D7AEB23FDC279000C1B79 /* Debug */ = {
			isa = XCBuildConfiguration;
			buildSettings = {
				ASSETCATALOG_COMPILER_APPICON_NAME = AppIcon;
				CODE_SIGN_STYLE = Manual;
				DEVELOPMENT_TEAM = "";
				INFOPLIST_FILE = TargetA/Info.plist;
				LD_RUNPATH_SEARCH_PATHS = (
					"$(inherited)",
					"@executable_path/Frameworks",
				);
				PRODUCT_BUNDLE_IDENTIFIER = test.test.TargetA;
				PRODUCT_NAME = "$(TARGET_NAME)";
				PROVISIONING_PROFILE_SPECIFIER = "";
				SWIFT_VERSION = 5.0;
				TARGETED_DEVICE_FAMILY = "1,2";
			};
			name = Debug;
		};
		F87D7AEC23FDC279000C1B79 /* Release */ = {
			isa = XCBuildConfiguration;
			buildSettings = {
				ASSETCATALOG_COMPILER_APPICON_NAME = AppIcon;
				CODE_SIGN_STYLE = Manual;
				DEVELOPMENT_TEAM = "";
				INFOPLIST_FILE = TargetA/Info.plist;
				LD_RUNPATH_SEARCH_PATHS = (
					"$(inherited)",
					"@executable_path/Frameworks",
				);
				PRODUCT_BUNDLE_IDENTIFIER = test.test.TargetA;
				PRODUCT_NAME = "$(TARGET_NAME)";
				PROVISIONING_PROFILE_SPECIFIER = "";
				SWIFT_VERSION = 5.0;
				TARGETED_DEVICE_FAMILY = "1,2";
			};
			name = Release;
		};
		F87D7B0323FDC28E000C1B79 /* Debug */ = {
			isa = XCBuildConfiguration;
			buildSettings = {
				ASSETCATALOG_COMPILER_APPICON_NAME = AppIcon;
				CODE_SIGN_STYLE = Manual;
				DEVELOPMENT_TEAM = "";
				INFOPLIST_FILE = TargetB/Info.plist;
				LD_RUNPATH_SEARCH_PATHS = (
					"$(inherited)",
					"@executable_path/Frameworks",
				);
				PRODUCT_BUNDLE_IDENTIFIER = test.test.TargetB;
				PRODUCT_NAME = "$(TARGET_NAME)";
				PROVISIONING_PROFILE_SPECIFIER = "";
				SWIFT_VERSION = 5.0;
				TARGETED_DEVICE_FAMILY = "1,2";
			};
			name = Debug;
		};
		F87D7B0423FDC28E000C1B79 /* Release */ = {
			isa = XCBuildConfiguration;
			buildSettings = {
				ASSETCATALOG_COMPILER_APPICON_NAME = AppIcon;
				CODE_SIGN_STYLE = Manual;
				DEVELOPMENT_TEAM = "";
				INFOPLIST_FILE = TargetB/Info.plist;
				LD_RUNPATH_SEARCH_PATHS = (
					"$(inherited)",
					"@executable_path/Frameworks",
				);
				PRODUCT_BUNDLE_IDENTIFIER = test.test.TargetB;
				PRODUCT_NAME = "$(TARGET_NAME)";
				PROVISIONING_PROFILE_SPECIFIER = "";
				SWIFT_VERSION = 5.0;
				TARGETED_DEVICE_FAMILY = "1,2";
			};
			name = Release;
		};
/* End XCBuildConfiguration section */

/* Begin XCConfigurationList section */
		F87D7AB923FDC260000C1B79 /* Build configuration list for PBXProject "Sample" */ = {
			isa = XCConfigurationList;
			buildConfigurations = (
				F87D7AD023FDC262000C1B79 /* Debug */,
				F87D7AD123FDC262000C1B79 /* Release */,
			);
			defaultConfigurationIsVisible = 0;
			defaultConfigurationName = Release;
		};
		F87D7AEA23FDC279000C1B79 /* Build configuration list for PBXNativeTarget "TargetA" */ = {
			isa = XCConfigurationList;
			buildConfigurations = (
				F87D7AEB23FDC279000C1B79 /* Debug */,
				F87D7AEC23FDC279000C1B79 /* Release */,
			);
			defaultConfigurationIsVisible = 0;
			defaultConfigurationName = Release;
		};
		F87D7B0223FDC28E000C1B79 /* Build configuration list for PBXNativeTarget "TargetB" */ = {
			isa = XCConfigurationList;
			buildConfigurations = (
				F87D7B0323FDC28E000C1B79 /* Debug */,
				F87D7B0423FDC28E000C1B79 /* Release */,
			);
			defaultConfigurationIsVisible = 0;
			defaultConfigurationName = Release;
		};
/* End XCConfigurationList section */
	};
	rootObject = F87D7AB623FDC260000C1B79 /* Project object */;
}
